
Microsoft Visual Studio Solution File, Format Version 12.00
# Visual Studio 15
VisualStudioVersion = 15.0.27004.2002
MinimumVisualStudioVersion = 10.0.40219.1
Project("{FAE04EC0-301F-11D3-BF4B-00C04F79EFBC}") = "POP-SF07-16-GUI", "POP-SF07-16-GUI\POP-SF07-16-GUI.csproj", "{631DDFD9-60AC-4D6D-88C9-243157CE7A4D}"
EndProject
Project("{FAE04EC0-301F-11D3-BF4B-00C04F79EFBC}") = "BindingCrud", "..\..\..\Users\Miljus\Downloads\BindingCrud\BindingCrud\BindingCrud\BindingCrud.csproj", "{A7DA3D77-9DF0-4598-980C-5515594A6889}"
EndProject
Global
	GlobalSection(SolutionConfigurationPlatforms) = preSolution
		Debug|Any CPU = Debug|Any CPU
		Debug|x86 = Debug|x86
		Release|Any CPU = Release|Any CPU
		Release|x86 = Release|x86
	EndGlobalSection
	GlobalSection(ProjectConfigurationPlatforms) = postSolution
		{631DDFD9-60AC-4D6D-88C9-243157CE7A4D}.Debug|Any CPU.ActiveCfg = Debug|Any CPU
		{631DDFD9-60AC-4D6D-88C9-243157CE7A4D}.Debug|Any CPU.Build.0 = Debug|Any CPU
		{631DDFD9-60AC-4D6D-88C9-243157CE7A4D}.Debug|x86.ActiveCfg = Debug|Any CPU
		{631DDFD9-60AC-4D6D-88C9-243157CE7A4D}.Debug|x86.Build.0 = Debug|Any CPU
		{631DDFD9-60AC-4D6D-88C9-243157CE7A4D}.Release|Any CPU.ActiveCfg = Release|Any CPU
		{631DDFD9-60AC-4D6D-88C9-243157CE7A4D}.Release|Any CPU.Build.0 = Release|Any CPU
		{631DDFD9-60AC-4D6D-88C9-243157CE7A4D}.Release|x86.ActiveCfg = Release|Any CPU
		{631DDFD9-60AC-4D6D-88C9-243157CE7A4D}.Release|x86.Build.0 = Release|Any CPU
		{A7DA3D77-9DF0-4598-980C-5515594A6889}.Debug|Any CPU.ActiveCfg = Debug|x86
		{A7DA3D77-9DF0-4598-980C-5515594A6889}.Debug|x86.ActiveCfg = Debug|x86
		{A7DA3D77-9DF0-4598-980C-5515594A6889}.Debug|x86.Build.0 = Debug|x86
		{A7DA3D77-9DF0-4598-980C-5515594A6889}.Release|Any CPU.ActiveCfg = Release|x86
		{A7DA3D77-9DF0-4598-980C-5515594A6889}.Release|x86.ActiveCfg = Release|x86
		{A7DA3D77-9DF0-4598-980C-5515594A6889}.Release|x86.Build.0 = Release|x86
	EndGlobalSection
	GlobalSection(SolutionProperties) = preSolution
		HideSolutionNode = FALSE
	EndGlobalSection
	GlobalSection(ExtensibilityGlobals) = postSolution
		SolutionGuid = {3F43FF8C-DB2D-434D-8AF7-B2BCA4933FDB}
	EndGlobalSection
EndGlobal
